
Microsoft Visual Studio Solution File, Format Version 12.00
# Visual Studio 15
VisualStudioVersion = 15.0.27130.2020
MinimumVisualStudioVersion = 10.0.40219.1
Project("{FAE04EC0-301F-11D3-BF4B-00C04F79EFBC}") = "SWCFloorOrderingSystem.UI", "SWCFloorOrderingSystem\SWCFloorOrderingSystem.UI.csproj", "{737CA7C2-8987-4F41-AAF0-6EAE1EE2D1B0}"
EndProject
Project("{FAE04EC0-301F-11D3-BF4B-00C04F79EFBC}") = "SWCFloorOrderingSystem.BLL", "SWCFloorOrderingSystem.BLL\SWCFloorOrderingSystem.BLL.csproj", "{7A585ABA-1D64-49C1-93FB-C92A1107E878}"
EndProject
Project("{FAE04EC0-301F-11D3-BF4B-00C04F79EFBC}") = "SWCFloorOrderingSystem.Data", "SWCFloorOrderingSystem.Data\SWCFloorOrderingSystem.Data.csproj", "{7E913DDD-54B8-4B85-8CD7-52A90E2A1617}"
EndProject
Project("{FAE04EC0-301F-11D3-BF4B-00C04F79EFBC}") = "SWCFloorOrderingSystem.Models", "SWCFloorOrderingSystem.Models\SWCFloorOrderingSystem.Models.csproj", "{F5E7DDC0-29AD-493F-9E0D-20F242AAA07A}"
EndProject
Project("{FAE04EC0-301F-11D3-BF4B-00C04F79EFBC}") = "SWCFloorOrderingSystem.Tests", "SWCFloorOrderingSystem.Tests\SWCFloorOrderingSystem.Tests.csproj", "{B5332205-4121-46D1-B0BB-6F1921A20331}"
EndProject
Global
	GlobalSection(SolutionConfigurationPlatforms) = preSolution
		Debug|Any CPU = Debug|Any CPU
		Release|Any CPU = Release|Any CPU
	EndGlobalSection
	GlobalSection(ProjectConfigurationPlatforms) = postSolution
		{737CA7C2-8987-4F41-AAF0-6EAE1EE2D1B0}.Debug|Any CPU.ActiveCfg = Debug|Any CPU
		{737CA7C2-8987-4F41-AAF0-6EAE1EE2D1B0}.Debug|Any CPU.Build.0 = Debug|Any CPU
		{737CA7C2-8987-4F41-AAF0-6EAE1EE2D1B0}.Release|Any CPU.ActiveCfg = Release|Any CPU
		{737CA7C2-8987-4F41-AAF0-6EAE1EE2D1B0}.Release|Any CPU.Build.0 = Release|Any CPU
		{7A585ABA-1D64-49C1-93FB-C92A1107E878}.Debug|Any CPU.ActiveCfg = Debug|Any CPU
		{7A585ABA-1D64-49C1-93FB-C92A1107E878}.Debug|Any CPU.Build.0 = Debug|Any CPU
		{7A585ABA-1D64-49C1-93FB-C92A1107E878}.Release|Any CPU.ActiveCfg = Release|Any CPU
		{7A585ABA-1D64-49C1-93FB-C92A1107E878}.Release|Any CPU.Build.0 = Release|Any CPU
		{7E913DDD-54B8-4B85-8CD7-52A90E2A1617}.Debug|Any CPU.ActiveCfg = Debug|Any CPU
		{7E913DDD-54B8-4B85-8CD7-52A90E2A1617}.Debug|Any CPU.Build.0 = Debug|Any CPU
		{7E913DDD-54B8-4B85-8CD7-52A90E2A1617}.Release|Any CPU.ActiveCfg = Release|Any CPU
		{7E913DDD-54B8-4B85-8CD7-52A90E2A1617}.Release|Any CPU.Build.0 = Release|Any CPU
		{F5E7DDC0-29AD-493F-9E0D-20F242AAA07A}.Debug|Any CPU.ActiveCfg = Debug|Any CPU
		{F5E7DDC0-29AD-493F-9E0D-20F242AAA07A}.Debug|Any CPU.Build.0 = Debug|Any CPU
		{F5E7DDC0-29AD-493F-9E0D-20F242AAA07A}.Release|Any CPU.ActiveCfg = Release|Any CPU
		{F5E7DDC0-29AD-493F-9E0D-20F242AAA07A}.Release|Any CPU.Build.0 = Release|Any CPU
		{B5332205-4121-46D1-B0BB-6F1921A20331}.Debug|Any CPU.ActiveCfg = Debug|Any CPU
		{B5332205-4121-46D1-B0BB-6F1921A20331}.Debug|Any CPU.Build.0 = Debug|Any CPU
		{B5332205-4121-46D1-B0BB-6F1921A20331}.Release|Any CPU.ActiveCfg = Release|Any CPU
		{B5332205-4121-46D1-B0BB-6F1921A20331}.Release|Any CPU.Build.0 = Release|Any CPU
	EndGlobalSection
	GlobalSection(SolutionProperties) = preSolution
		HideSolutionNode = FALSE
	EndGlobalSection
	GlobalSection(ExtensibilityGlobals) = postSolution
		SolutionGuid = {69571715-C523-405E-94A2-AFC05116107B}
	EndGlobalSection
EndGlobal
