
Microsoft Visual Studio Solution File, Format Version 12.00
# Visual Studio 15
VisualStudioVersion = 15.0.27130.2020
MinimumVisualStudioVersion = 10.0.40219.1
Project("{FAE04EC0-301F-11D3-BF4B-00C04F79EFBC}") = "RockPaperScissors", "RockPaperScissors\RockPaperScissors.csproj", "{F929A666-5C44-4331-B0EC-617C92098893}"
EndProject
Project("{FAE04EC0-301F-11D3-BF4B-00C04F79EFBC}") = "RockPaperScissors.BLL", "RockPaperScissors.BLL\RockPaperScissors.BLL.csproj", "{DA2BBD46-6381-46E0-8A08-89D66AB8FFC0}"
EndProject
Project("{FAE04EC0-301F-11D3-BF4B-00C04F79EFBC}") = "RockPaperScissors.Tests", "RockPaperScissors.Tests\RockPaperScissors.Tests.csproj", "{AA56B343-F604-46BF-BAEC-5EB28A9FC73F}"
EndProject
Global
	GlobalSection(SolutionConfigurationPlatforms) = preSolution
		Debug|Any CPU = Debug|Any CPU
		Release|Any CPU = Release|Any CPU
	EndGlobalSection
	GlobalSection(ProjectConfigurationPlatforms) = postSolution
		{F929A666-5C44-4331-B0EC-617C92098893}.Debug|Any CPU.ActiveCfg = Debug|Any CPU
		{F929A666-5C44-4331-B0EC-617C92098893}.Debug|Any CPU.Build.0 = Debug|Any CPU
		{F929A666-5C44-4331-B0EC-617C92098893}.Release|Any CPU.ActiveCfg = Release|Any CPU
		{F929A666-5C44-4331-B0EC-617C92098893}.Release|Any CPU.Build.0 = Release|Any CPU
		{DA2BBD46-6381-46E0-8A08-89D66AB8FFC0}.Debug|Any CPU.ActiveCfg = Debug|Any CPU
		{DA2BBD46-6381-46E0-8A08-89D66AB8FFC0}.Debug|Any CPU.Build.0 = Debug|Any CPU
		{DA2BBD46-6381-46E0-8A08-89D66AB8FFC0}.Release|Any CPU.ActiveCfg = Release|Any CPU
		{DA2BBD46-6381-46E0-8A08-89D66AB8FFC0}.Release|Any CPU.Build.0 = Release|Any CPU
		{AA56B343-F604-46BF-BAEC-5EB28A9FC73F}.Debug|Any CPU.ActiveCfg = Debug|Any CPU
		{AA56B343-F604-46BF-BAEC-5EB28A9FC73F}.Debug|Any CPU.Build.0 = Debug|Any CPU
		{AA56B343-F604-46BF-BAEC-5EB28A9FC73F}.Release|Any CPU.ActiveCfg = Release|Any CPU
		{AA56B343-F604-46BF-BAEC-5EB28A9FC73F}.Release|Any CPU.Build.0 = Release|Any CPU
	EndGlobalSection
	GlobalSection(SolutionProperties) = preSolution
		HideSolutionNode = FALSE
	EndGlobalSection
	GlobalSection(ExtensibilityGlobals) = postSolution
		SolutionGuid = {5A758686-6031-49D3-BD17-FEE1B9CB4542}
	EndGlobalSection
EndGlobal
