
Microsoft Visual Studio Solution File, Format Version 12.00
# Visual Studio 15
VisualStudioVersion = 15.0.27130.2020
MinimumVisualStudioVersion = 10.0.40219.1
Project("{FAE04EC0-301F-11D3-BF4B-00C04F79EFBC}") = "CarDealership.UI", "CarDealership.UI\CarDealership.UI.csproj", "{9DDFDD16-9A73-4115-B168-BD67F5897FB1}"
EndProject
Project("{FAE04EC0-301F-11D3-BF4B-00C04F79EFBC}") = "CarDealership.Data", "CarDealership.Data\CarDealership.Data.csproj", "{A1032EFE-90A7-4A5C-9905-94D7AC5FA258}"
EndProject
Project("{FAE04EC0-301F-11D3-BF4B-00C04F79EFBC}") = "CarDealership.BLL", "CarDealership.BLL\CarDealership.BLL.csproj", "{AD585ECE-E8B2-4AC2-9029-ADAAB01CD73A}"
EndProject
Global
	GlobalSection(SolutionConfigurationPlatforms) = preSolution
		Debug|Any CPU = Debug|Any CPU
		Release|Any CPU = Release|Any CPU
	EndGlobalSection
	GlobalSection(ProjectConfigurationPlatforms) = postSolution
		{9DDFDD16-9A73-4115-B168-BD67F5897FB1}.Debug|Any CPU.ActiveCfg = Debug|Any CPU
		{9DDFDD16-9A73-4115-B168-BD67F5897FB1}.Debug|Any CPU.Build.0 = Debug|Any CPU
		{9DDFDD16-9A73-4115-B168-BD67F5897FB1}.Release|Any CPU.ActiveCfg = Release|Any CPU
		{9DDFDD16-9A73-4115-B168-BD67F5897FB1}.Release|Any CPU.Build.0 = Release|Any CPU
		{A1032EFE-90A7-4A5C-9905-94D7AC5FA258}.Debug|Any CPU.ActiveCfg = Debug|Any CPU
		{A1032EFE-90A7-4A5C-9905-94D7AC5FA258}.Debug|Any CPU.Build.0 = Debug|Any CPU
		{A1032EFE-90A7-4A5C-9905-94D7AC5FA258}.Release|Any CPU.ActiveCfg = Release|Any CPU
		{A1032EFE-90A7-4A5C-9905-94D7AC5FA258}.Release|Any CPU.Build.0 = Release|Any CPU
		{AD585ECE-E8B2-4AC2-9029-ADAAB01CD73A}.Debug|Any CPU.ActiveCfg = Debug|Any CPU
		{AD585ECE-E8B2-4AC2-9029-ADAAB01CD73A}.Debug|Any CPU.Build.0 = Debug|Any CPU
		{AD585ECE-E8B2-4AC2-9029-ADAAB01CD73A}.Release|Any CPU.ActiveCfg = Release|Any CPU
		{AD585ECE-E8B2-4AC2-9029-ADAAB01CD73A}.Release|Any CPU.Build.0 = Release|Any CPU
	EndGlobalSection
	GlobalSection(SolutionProperties) = preSolution
		HideSolutionNode = FALSE
	EndGlobalSection
	GlobalSection(ExtensibilityGlobals) = postSolution
		SolutionGuid = {A8E5D928-9990-4C3F-A845-E14A7857C881}
	EndGlobalSection
EndGlobal
